// !$*UTF8*$!
{
	archiveVersion = 1;
	classes = {
	};
	objectVersion = 50;
	objects = {

/* Begin PBXBuildFile section */
		CE5BB22D08F95A0E14A27D50 /* Pods_Yalla_Chat.framework in Frameworks */ = {isa = PBXBuildFile; fileRef = D906960B7AB0DA8C2C02AF1E /* Pods_Yalla_Chat.framework */; };
		F9325339223D412000CE88AB /* NewPostViewController.swift in Sources */ = {isa = PBXBuildFile; fileRef = F9325338223D412000CE88AB /* NewPostViewController.swift */; };
		F932533B223ED24700CE88AB /* Post.swift in Sources */ = {isa = PBXBuildFile; fileRef = F932533A223ED24700CE88AB /* Post.swift */; };
		F932533D223EDBFD00CE88AB /* Comment.swift in Sources */ = {isa = PBXBuildFile; fileRef = F932533C223EDBFD00CE88AB /* Comment.swift */; };
		F933B5962229DB0F00C1F4CF /* AppDelegate.swift in Sources */ = {isa = PBXBuildFile; fileRef = F933B5952229DB0F00C1F4CF /* AppDelegate.swift */; };
		F933B5982229DB0F00C1F4CF /* ViewController.swift in Sources */ = {isa = PBXBuildFile; fileRef = F933B5972229DB0F00C1F4CF /* ViewController.swift */; };
		F933B59B2229DB0F00C1F4CF /* Main.storyboard in Resources */ = {isa = PBXBuildFile; fileRef = F933B5992229DB0F00C1F4CF /* Main.storyboard */; };
		F933B59D2229DB1000C1F4CF /* Assets.xcassets in Resources */ = {isa = PBXBuildFile; fileRef = F933B59C2229DB1000C1F4CF /* Assets.xcassets */; };
		F933B5A02229DB1000C1F4CF /* LaunchScreen.storyboard in Resources */ = {isa = PBXBuildFile; fileRef = F933B59E2229DB1000C1F4CF /* LaunchScreen.storyboard */; };
		F933B5AB2229DB6100C1F4CF /* TimeLine.storyboard in Resources */ = {isa = PBXBuildFile; fileRef = F933B5A72229DB6100C1F4CF /* TimeLine.storyboard */; };
		F933B5AC2229DB6100C1F4CF /* Chat.storyboard in Resources */ = {isa = PBXBuildFile; fileRef = F933B5A82229DB6100C1F4CF /* Chat.storyboard */; };
		F933B5AD2229DB6100C1F4CF /* Pro.storyboard in Resources */ = {isa = PBXBuildFile; fileRef = F933B5A92229DB6100C1F4CF /* Pro.storyboard */; };
		F933B5AE2229DB6100C1F4CF /* Profile.storyboard in Resources */ = {isa = PBXBuildFile; fileRef = F933B5AA2229DB6100C1F4CF /* Profile.storyboard */; };
		F933B5B02229DBED00C1F4CF /* SignIn.storyboard in Resources */ = {isa = PBXBuildFile; fileRef = F933B5AF2229DBED00C1F4CF /* SignIn.storyboard */; };
		F9342D7C22368A3B00FD777E /* AppSettings.swift in Sources */ = {isa = PBXBuildFile; fileRef = F9342D7B22368A3B00FD777E /* AppSettings.swift */; };
		F9342D8122368A5000FD777E /* UIImage+Additions.swift in Sources */ = {isa = PBXBuildFile; fileRef = F9342D7D22368A4F00FD777E /* UIImage+Additions.swift */; };
		F9342D8222368A5000FD777E /* UIView+Additions.swift in Sources */ = {isa = PBXBuildFile; fileRef = F9342D7E22368A4F00FD777E /* UIView+Additions.swift */; };
		F9342D8322368A5000FD777E /* UIColor+Additions.swift in Sources */ = {isa = PBXBuildFile; fileRef = F9342D7F22368A4F00FD777E /* UIColor+Additions.swift */; };
		F9342D8422368A5000FD777E /* UICollectionView+Additions.swift in Sources */ = {isa = PBXBuildFile; fileRef = F9342D8022368A5000FD777E /* UICollectionView+Additions.swift */; };
		F9342D8822368A6400FD777E /* Message.swift in Sources */ = {isa = PBXBuildFile; fileRef = F9342D8522368A6300FD777E /* Message.swift */; };
		F9342D8922368A6400FD777E /* Channel.swift in Sources */ = {isa = PBXBuildFile; fileRef = F9342D8622368A6300FD777E /* Channel.swift */; };
		F9342D8A22368A6400FD777E /* DatabaseRepresentation.swift in Sources */ = {isa = PBXBuildFile; fileRef = F9342D8722368A6400FD777E /* DatabaseRepresentation.swift */; };
		F9342D9022368A7500FD777E /* NavigationController.swift in Sources */ = {isa = PBXBuildFile; fileRef = F9342D8B22368A7300FD777E /* NavigationController.swift */; };
		F9342D9722369BE400FD777E /* ChatViewController.swift in Sources */ = {isa = PBXBuildFile; fileRef = F9342D9522369BE300FD777E /* ChatViewController.swift */; };
		F9342D9822369BE400FD777E /* ChannelsViewController.swift in Sources */ = {isa = PBXBuildFile; fileRef = F9342D9622369BE400FD777E /* ChannelsViewController.swift */; };
		F938BA8A222AC47100F31083 /* TimelineCell.xib in Resources */ = {isa = PBXBuildFile; fileRef = F938BA89222AC47100F31083 /* TimelineCell.xib */; };
		F977405522301FB100B95C23 /* GoogleService-Info.plist in Resources */ = {isa = PBXBuildFile; fileRef = F977405422301FB100B95C23 /* GoogleService-Info.plist */; };
		F98DCC962235571800071224 /* PreloadViewController.swift in Sources */ = {isa = PBXBuildFile; fileRef = F98DCC952235571800071224 /* PreloadViewController.swift */; };
		F98DCC9C22355B7400071224 /* Preload.storyboard in Resources */ = {isa = PBXBuildFile; fileRef = F98DCC9B22355B7400071224 /* Preload.storyboard */; };
		F9CC582C223A7C16009490F8 /* R.generated.swift in Sources */ = {isa = PBXBuildFile; fileRef = F9CC582B223A7C16009490F8 /* R.generated.swift */; };
		F9CE4F402230302B0048A96A /* SignInViewController.swift in Sources */ = {isa = PBXBuildFile; fileRef = F9CE4F3F2230302B0048A96A /* SignInViewController.swift */; };
		F9CE4F432230387E0048A96A /* FirebaseUser.swift in Sources */ = {isa = PBXBuildFile; fileRef = F9CE4F422230387E0048A96A /* FirebaseUser.swift */; };
		F9CE4F4522304E3B0048A96A /* IndicatorLoading.swift in Sources */ = {isa = PBXBuildFile; fileRef = F9CE4F4422304E3B0048A96A /* IndicatorLoading.swift */; };
		F9CE4F4722304E460048A96A /* ValidationHelper.swift in Sources */ = {isa = PBXBuildFile; fileRef = F9CE4F4622304E460048A96A /* ValidationHelper.swift */; };
		F9CE4F4B2230522A0048A96A /* VerificationCodeViewController.swift in Sources */ = {isa = PBXBuildFile; fileRef = F9CE4F4A2230522A0048A96A /* VerificationCodeViewController.swift */; };
		F9CE4F5022305B6B0048A96A /* SignUpViewController.swift in Sources */ = {isa = PBXBuildFile; fileRef = F9CE4F4F22305B6B0048A96A /* SignUpViewController.swift */; };
		F9DAFFE4222C6C390076C198 /* ChannelsTableViewCell.swift in Sources */ = {isa = PBXBuildFile; fileRef = F9DAFFE3222C6C390076C198 /* ChannelsTableViewCell.swift */; };
		F9DAFFE6222C6C770076C198 /* ContactsTableViewCell.swift in Sources */ = {isa = PBXBuildFile; fileRef = F9DAFFE5222C6C770076C198 /* ContactsTableViewCell.swift */; };
		F9DAFFE8222C6C8E0076C198 /* ContactsViewController.swift in Sources */ = {isa = PBXBuildFile; fileRef = F9DAFFE7222C6C8E0076C198 /* ContactsViewController.swift */; };
		F9E2D658222C44150078E652 /* Extensions.swift in Sources */ = {isa = PBXBuildFile; fileRef = F9E2D657222C44150078E652 /* Extensions.swift */; };
		F9E2D65C222C48630078E652 /* ProfileViewController.swift in Sources */ = {isa = PBXBuildFile; fileRef = F9E2D65B222C48630078E652 /* ProfileViewController.swift */; };
		F9E2D65E222C48FF0078E652 /* ProfileTableViewCell.swift in Sources */ = {isa = PBXBuildFile; fileRef = F9E2D65D222C48FF0078E652 /* ProfileTableViewCell.swift */; };
		F9E2D661222C553D0078E652 /* TimelineViewControllerCell.swift in Sources */ = {isa = PBXBuildFile; fileRef = F9E2D660222C553D0078E652 /* TimelineViewControllerCell.swift */; };
		F9E2D663222C5F590078E652 /* TimelineViewController.swift in Sources */ = {isa = PBXBuildFile; fileRef = F9E2D662222C5F590078E652 /* TimelineViewController.swift */; };
		F9E93FE922356DFC00B5A44B /* ImageCache.swift in Sources */ = {isa = PBXBuildFile; fileRef = F9E93FE822356DFC00B5A44B /* ImageCache.swift */; };
		F9EBF2CE223177960008BAA7 /* UserModel.swift in Sources */ = {isa = PBXBuildFile; fileRef = F9EBF2CD223177960008BAA7 /* UserModel.swift */; };
		F9EBF2D122317D9B0008BAA7 /* FirebaseModel.swift in Sources */ = {isa = PBXBuildFile; fileRef = F9EBF2D022317D9B0008BAA7 /* FirebaseModel.swift */; };
		F9EBF2D522317EE20008BAA7 /* NotificationName+Extension.swift in Sources */ = {isa = PBXBuildFile; fileRef = F9EBF2D422317EE20008BAA7 /* NotificationName+Extension.swift */; };
		F9EBF2D722317FED0008BAA7 /* Keys.swift in Sources */ = {isa = PBXBuildFile; fileRef = F9EBF2D622317FED0008BAA7 /* Keys.swift */; };
		F9EBF2D9223185C00008BAA7 /* FirebaseRepository.swift in Sources */ = {isa = PBXBuildFile; fileRef = F9EBF2D8223185C00008BAA7 /* FirebaseRepository.swift */; };
		F9EBF2DD2233F0910008BAA7 /* ActionSheetPicker.swift in Sources */ = {isa = PBXBuildFile; fileRef = F9EBF2DC2233F0910008BAA7 /* ActionSheetPicker.swift */; };
		F9EBF2DF2234091B0008BAA7 /* FirebaseStorageManager.swift in Sources */ = {isa = PBXBuildFile; fileRef = F9EBF2DE2234091B0008BAA7 /* FirebaseStorageManager.swift */; };
		F9EBF2E122340E450008BAA7 /* Alert.swift in Sources */ = {isa = PBXBuildFile; fileRef = F9EBF2E022340E450008BAA7 /* Alert.swift */; };
		F9EBF2E3223413530008BAA7 /* FirebaseDatabaseManager.swift in Sources */ = {isa = PBXBuildFile; fileRef = F9EBF2E2223413530008BAA7 /* FirebaseDatabaseManager.swift */; };
		F9EBF2E5223417E80008BAA7 /* UsersRepository.swift in Sources */ = {isa = PBXBuildFile; fileRef = F9EBF2E4223417E80008BAA7 /* UsersRepository.swift */; };
		F9F223922237CB8C00EE1605 /* AppController.swift in Sources */ = {isa = PBXBuildFile; fileRef = F9F223912237CB8C00EE1605 /* AppController.swift */; };
/* End PBXBuildFile section */

/* Begin PBXFileReference section */
		471DBD1A8570736312070503 /* Pods-Yalla Chat.debug.xcconfig */ = {isa = PBXFileReference; includeInIndex = 1; lastKnownFileType = text.xcconfig; name = "Pods-Yalla Chat.debug.xcconfig"; path = "Pods/Target Support Files/Pods-Yalla Chat/Pods-Yalla Chat.debug.xcconfig"; sourceTree = "<group>"; };
		BBA663AE5FEA751438F7B902 /* Pods-Yalla Chat.release.xcconfig */ = {isa = PBXFileReference; includeInIndex = 1; lastKnownFileType = text.xcconfig; name = "Pods-Yalla Chat.release.xcconfig"; path = "Pods/Target Support Files/Pods-Yalla Chat/Pods-Yalla Chat.release.xcconfig"; sourceTree = "<group>"; };
		D906960B7AB0DA8C2C02AF1E /* Pods_Yalla_Chat.framework */ = {isa = PBXFileReference; explicitFileType = wrapper.framework; includeInIndex = 0; path = Pods_Yalla_Chat.framework; sourceTree = BUILT_PRODUCTS_DIR; };
		F9325338223D412000CE88AB /* NewPostViewController.swift */ = {isa = PBXFileReference; lastKnownFileType = sourcecode.swift; path = NewPostViewController.swift; sourceTree = "<group>"; };
		F932533A223ED24700CE88AB /* Post.swift */ = {isa = PBXFileReference; lastKnownFileType = sourcecode.swift; path = Post.swift; sourceTree = "<group>"; };
		F932533C223EDBFD00CE88AB /* Comment.swift */ = {isa = PBXFileReference; lastKnownFileType = sourcecode.swift; path = Comment.swift; sourceTree = "<group>"; };
		F933B5922229DB0F00C1F4CF /* Yalla Chat.app */ = {isa = PBXFileReference; explicitFileType = wrapper.application; includeInIndex = 0; path = "Yalla Chat.app"; sourceTree = BUILT_PRODUCTS_DIR; };
		F933B5952229DB0F00C1F4CF /* AppDelegate.swift */ = {isa = PBXFileReference; lastKnownFileType = sourcecode.swift; path = AppDelegate.swift; sourceTree = "<group>"; };
		F933B5972229DB0F00C1F4CF /* ViewController.swift */ = {isa = PBXFileReference; lastKnownFileType = sourcecode.swift; path = ViewController.swift; sourceTree = "<group>"; };
		F933B59A2229DB0F00C1F4CF /* Base */ = {isa = PBXFileReference; lastKnownFileType = file.storyboard; name = Base; path = Base.lproj/Main.storyboard; sourceTree = "<group>"; };
		F933B59C2229DB1000C1F4CF /* Assets.xcassets */ = {isa = PBXFileReference; lastKnownFileType = folder.assetcatalog; path = Assets.xcassets; sourceTree = "<group>"; };
		F933B59F2229DB1000C1F4CF /* Base */ = {isa = PBXFileReference; lastKnownFileType = file.storyboard; name = Base; path = Base.lproj/LaunchScreen.storyboard; sourceTree = "<group>"; };
		F933B5A12229DB1000C1F4CF /* Info.plist */ = {isa = PBXFileReference; lastKnownFileType = text.plist.xml; path = Info.plist; sourceTree = "<group>"; };
		F933B5A72229DB6100C1F4CF /* TimeLine.storyboard */ = {isa = PBXFileReference; fileEncoding = 4; lastKnownFileType = file.storyboard; path = TimeLine.storyboard; sourceTree = "<group>"; };
		F933B5A82229DB6100C1F4CF /* Chat.storyboard */ = {isa = PBXFileReference; fileEncoding = 4; lastKnownFileType = file.storyboard; path = Chat.storyboard; sourceTree = "<group>"; };
		F933B5A92229DB6100C1F4CF /* Pro.storyboard */ = {isa = PBXFileReference; fileEncoding = 4; lastKnownFileType = file.storyboard; path = Pro.storyboard; sourceTree = "<group>"; };
		F933B5AA2229DB6100C1F4CF /* Profile.storyboard */ = {isa = PBXFileReference; fileEncoding = 4; lastKnownFileType = file.storyboard; path = Profile.storyboard; sourceTree = "<group>"; };
		F933B5AF2229DBED00C1F4CF /* SignIn.storyboard */ = {isa = PBXFileReference; fileEncoding = 4; lastKnownFileType = file.storyboard; path = SignIn.storyboard; sourceTree = "<group>"; };
		F9342D7B22368A3B00FD777E /* AppSettings.swift */ = {isa = PBXFileReference; fileEncoding = 4; lastKnownFileType = sourcecode.swift; path = AppSettings.swift; sourceTree = "<group>"; };
		F9342D7D22368A4F00FD777E /* UIImage+Additions.swift */ = {isa = PBXFileReference; fileEncoding = 4; lastKnownFileType = sourcecode.swift; path = "UIImage+Additions.swift"; sourceTree = "<group>"; };
		F9342D7E22368A4F00FD777E /* UIView+Additions.swift */ = {isa = PBXFileReference; fileEncoding = 4; lastKnownFileType = sourcecode.swift; path = "UIView+Additions.swift"; sourceTree = "<group>"; };
		F9342D7F22368A4F00FD777E /* UIColor+Additions.swift */ = {isa = PBXFileReference; fileEncoding = 4; lastKnownFileType = sourcecode.swift; path = "UIColor+Additions.swift"; sourceTree = "<group>"; };
		F9342D8022368A5000FD777E /* UICollectionView+Additions.swift */ = {isa = PBXFileReference; fileEncoding = 4; lastKnownFileType = sourcecode.swift; path = "UICollectionView+Additions.swift"; sourceTree = "<group>"; };
		F9342D8522368A6300FD777E /* Message.swift */ = {isa = PBXFileReference; fileEncoding = 4; lastKnownFileType = sourcecode.swift; path = Message.swift; sourceTree = "<group>"; };
		F9342D8622368A6300FD777E /* Channel.swift */ = {isa = PBXFileReference; fileEncoding = 4; lastKnownFileType = sourcecode.swift; path = Channel.swift; sourceTree = "<group>"; };
		F9342D8722368A6400FD777E /* DatabaseRepresentation.swift */ = {isa = PBXFileReference; fileEncoding = 4; lastKnownFileType = sourcecode.swift; path = DatabaseRepresentation.swift; sourceTree = "<group>"; };
		F9342D8B22368A7300FD777E /* NavigationController.swift */ = {isa = PBXFileReference; fileEncoding = 4; lastKnownFileType = sourcecode.swift; path = NavigationController.swift; sourceTree = "<group>"; };
		F9342D9522369BE300FD777E /* ChatViewController.swift */ = {isa = PBXFileReference; fileEncoding = 4; lastKnownFileType = sourcecode.swift; path = ChatViewController.swift; sourceTree = "<group>"; };
		F9342D9622369BE400FD777E /* ChannelsViewController.swift */ = {isa = PBXFileReference; fileEncoding = 4; lastKnownFileType = sourcecode.swift; path = ChannelsViewController.swift; sourceTree = "<group>"; };
		F938BA89222AC47100F31083 /* TimelineCell.xib */ = {isa = PBXFileReference; lastKnownFileType = file.xib; path = TimelineCell.xib; sourceTree = "<group>"; };
		F977405422301FB100B95C23 /* GoogleService-Info.plist */ = {isa = PBXFileReference; fileEncoding = 4; lastKnownFileType = text.plist.xml; path = "GoogleService-Info.plist"; sourceTree = "<group>"; };
		F98DCC952235571800071224 /* PreloadViewController.swift */ = {isa = PBXFileReference; lastKnownFileType = sourcecode.swift; path = PreloadViewController.swift; sourceTree = "<group>"; };
		F98DCC9B22355B7400071224 /* Preload.storyboard */ = {isa = PBXFileReference; lastKnownFileType = file.storyboard; path = Preload.storyboard; sourceTree = "<group>"; };
		F9CC582B223A7C16009490F8 /* R.generated.swift */ = {isa = PBXFileReference; fileEncoding = 4; lastKnownFileType = sourcecode.swift; path = R.generated.swift; sourceTree = SOURCE_ROOT; };
		F9CE4F3F2230302B0048A96A /* SignInViewController.swift */ = {isa = PBXFileReference; lastKnownFileType = sourcecode.swift; path = SignInViewController.swift; sourceTree = "<group>"; };
		F9CE4F422230387E0048A96A /* FirebaseUser.swift */ = {isa = PBXFileReference; lastKnownFileType = sourcecode.swift; path = FirebaseUser.swift; sourceTree = "<group>"; };
		F9CE4F4422304E3B0048A96A /* IndicatorLoading.swift */ = {isa = PBXFileReference; fileEncoding = 4; lastKnownFileType = sourcecode.swift; path = IndicatorLoading.swift; sourceTree = "<group>"; };
		F9CE4F4622304E460048A96A /* ValidationHelper.swift */ = {isa = PBXFileReference; fileEncoding = 4; lastKnownFileType = sourcecode.swift; path = ValidationHelper.swift; sourceTree = "<group>"; };
		F9CE4F4A2230522A0048A96A /* VerificationCodeViewController.swift */ = {isa = PBXFileReference; lastKnownFileType = sourcecode.swift; path = VerificationCodeViewController.swift; sourceTree = "<group>"; };
		F9CE4F4F22305B6B0048A96A /* SignUpViewController.swift */ = {isa = PBXFileReference; lastKnownFileType = sourcecode.swift; path = SignUpViewController.swift; sourceTree = "<group>"; };
		F9DAFFE3222C6C390076C198 /* ChannelsTableViewCell.swift */ = {isa = PBXFileReference; lastKnownFileType = sourcecode.swift; path = ChannelsTableViewCell.swift; sourceTree = "<group>"; };
		F9DAFFE5222C6C770076C198 /* ContactsTableViewCell.swift */ = {isa = PBXFileReference; lastKnownFileType = sourcecode.swift; path = ContactsTableViewCell.swift; sourceTree = "<group>"; };
		F9DAFFE7222C6C8E0076C198 /* ContactsViewController.swift */ = {isa = PBXFileReference; lastKnownFileType = sourcecode.swift; path = ContactsViewController.swift; sourceTree = "<group>"; };
		F9E2D657222C44150078E652 /* Extensions.swift */ = {isa = PBXFileReference; lastKnownFileType = sourcecode.swift; path = Extensions.swift; sourceTree = "<group>"; };
		F9E2D65B222C48630078E652 /* ProfileViewController.swift */ = {isa = PBXFileReference; lastKnownFileType = sourcecode.swift; path = ProfileViewController.swift; sourceTree = "<group>"; };
		F9E2D65D222C48FF0078E652 /* ProfileTableViewCell.swift */ = {isa = PBXFileReference; lastKnownFileType = sourcecode.swift; path = ProfileTableViewCell.swift; sourceTree = "<group>"; };
		F9E2D660222C553D0078E652 /* TimelineViewControllerCell.swift */ = {isa = PBXFileReference; lastKnownFileType = sourcecode.swift; path = TimelineViewControllerCell.swift; sourceTree = "<group>"; };
		F9E2D662222C5F590078E652 /* TimelineViewController.swift */ = {isa = PBXFileReference; lastKnownFileType = sourcecode.swift; path = TimelineViewController.swift; sourceTree = "<group>"; };
		F9E93FE822356DFC00B5A44B /* ImageCache.swift */ = {isa = PBXFileReference; fileEncoding = 4; lastKnownFileType = sourcecode.swift; path = ImageCache.swift; sourceTree = "<group>"; };
		F9EBF2CD223177960008BAA7 /* UserModel.swift */ = {isa = PBXFileReference; lastKnownFileType = sourcecode.swift; path = UserModel.swift; sourceTree = "<group>"; };
		F9EBF2D022317D9B0008BAA7 /* FirebaseModel.swift */ = {isa = PBXFileReference; lastKnownFileType = sourcecode.swift; path = FirebaseModel.swift; sourceTree = "<group>"; };
		F9EBF2D422317EE20008BAA7 /* NotificationName+Extension.swift */ = {isa = PBXFileReference; lastKnownFileType = sourcecode.swift; path = "NotificationName+Extension.swift"; sourceTree = "<group>"; };
		F9EBF2D622317FED0008BAA7 /* Keys.swift */ = {isa = PBXFileReference; lastKnownFileType = sourcecode.swift; path = Keys.swift; sourceTree = "<group>"; };
		F9EBF2D8223185C00008BAA7 /* FirebaseRepository.swift */ = {isa = PBXFileReference; lastKnownFileType = sourcecode.swift; path = FirebaseRepository.swift; sourceTree = "<group>"; };
		F9EBF2DC2233F0910008BAA7 /* ActionSheetPicker.swift */ = {isa = PBXFileReference; lastKnownFileType = sourcecode.swift; path = ActionSheetPicker.swift; sourceTree = "<group>"; };
		F9EBF2DE2234091B0008BAA7 /* FirebaseStorageManager.swift */ = {isa = PBXFileReference; lastKnownFileType = sourcecode.swift; path = FirebaseStorageManager.swift; sourceTree = "<group>"; };
		F9EBF2E022340E450008BAA7 /* Alert.swift */ = {isa = PBXFileReference; lastKnownFileType = sourcecode.swift; path = Alert.swift; sourceTree = "<group>"; };
		F9EBF2E2223413530008BAA7 /* FirebaseDatabaseManager.swift */ = {isa = PBXFileReference; lastKnownFileType = sourcecode.swift; path = FirebaseDatabaseManager.swift; sourceTree = "<group>"; };
		F9EBF2E4223417E80008BAA7 /* UsersRepository.swift */ = {isa = PBXFileReference; lastKnownFileType = sourcecode.swift; path = UsersRepository.swift; sourceTree = "<group>"; };
		F9F223912237CB8C00EE1605 /* AppController.swift */ = {isa = PBXFileReference; fileEncoding = 4; lastKnownFileType = sourcecode.swift; path = AppController.swift; sourceTree = "<group>"; };
/* End PBXFileReference section */

/* Begin PBXFrameworksBuildPhase section */
		F933B58F2229DB0F00C1F4CF /* Frameworks */ = {
			isa = PBXFrameworksBuildPhase;
			buildActionMask = 2147483647;
			files = (
				CE5BB22D08F95A0E14A27D50 /* Pods_Yalla_Chat.framework in Frameworks */,
			);
			runOnlyForDeploymentPostprocessing = 0;
		};
/* End PBXFrameworksBuildPhase section */

/* Begin PBXGroup section */
		868ED1ED9A86D9433D0A535C /* Pods */ = {
			isa = PBXGroup;
			children = (
				471DBD1A8570736312070503 /* Pods-Yalla Chat.debug.xcconfig */,
				BBA663AE5FEA751438F7B902 /* Pods-Yalla Chat.release.xcconfig */,
			);
			name = Pods;
			sourceTree = "<group>";
		};
		9A03D0F90B357E35F62CF966 /* Frameworks */ = {
			isa = PBXGroup;
			children = (
				D906960B7AB0DA8C2C02AF1E /* Pods_Yalla_Chat.framework */,
			);
			name = Frameworks;
			sourceTree = "<group>";
		};
		F933B5892229DB0F00C1F4CF = {
			isa = PBXGroup;
			children = (
				F933B5942229DB0F00C1F4CF /* Yalla Chat */,
				F933B5932229DB0F00C1F4CF /* Products */,
				868ED1ED9A86D9433D0A535C /* Pods */,
				9A03D0F90B357E35F62CF966 /* Frameworks */,
			);
			sourceTree = "<group>";
		};
		F933B5932229DB0F00C1F4CF /* Products */ = {
			isa = PBXGroup;
			children = (
				F933B5922229DB0F00C1F4CF /* Yalla Chat.app */,
			);
			name = Products;
			sourceTree = "<group>";
		};
		F933B5942229DB0F00C1F4CF /* Yalla Chat */ = {
			isa = PBXGroup;
			children = (
				F9CE4F5122305C980048A96A /* Utilitis */,
				F9CE4F41223038680048A96A /* Firebase */,
				F9E2D659222C483F0078E652 /* Scenes */,
				F938BA88222AC44C00F31083 /* xib */,
				F933B5B12229DC2600C1F4CF /* storyboard */,
				F933B5952229DB0F00C1F4CF /* AppDelegate.swift */,
				F9F223912237CB8C00EE1605 /* AppController.swift */,
				F933B5972229DB0F00C1F4CF /* ViewController.swift */,
				F9342D7B22368A3B00FD777E /* AppSettings.swift */,
				F933B59C2229DB1000C1F4CF /* Assets.xcassets */,
				F933B59E2229DB1000C1F4CF /* LaunchScreen.storyboard */,
				F933B5A12229DB1000C1F4CF /* Info.plist */,
				F977405422301FB100B95C23 /* GoogleService-Info.plist */,
			);
			path = "Yalla Chat";
			sourceTree = "<group>";
		};
		F933B5B12229DC2600C1F4CF /* storyboard */ = {
			isa = PBXGroup;
			children = (
				F933B5A82229DB6100C1F4CF /* Chat.storyboard */,
				F933B5A92229DB6100C1F4CF /* Pro.storyboard */,
				F933B5AA2229DB6100C1F4CF /* Profile.storyboard */,
				F933B5A72229DB6100C1F4CF /* TimeLine.storyboard */,
				F933B5AF2229DBED00C1F4CF /* SignIn.storyboard */,
				F933B5992229DB0F00C1F4CF /* Main.storyboard */,
				F98DCC9B22355B7400071224 /* Preload.storyboard */,
			);
			path = storyboard;
			sourceTree = "<group>";
		};
		F938BA88222AC44C00F31083 /* xib */ = {
			isa = PBXGroup;
			children = (
				F938BA89222AC47100F31083 /* TimelineCell.xib */,
			);
			path = xib;
			sourceTree = "<group>";
		};
		F98DCC942235570A00071224 /* Preload */ = {
			isa = PBXGroup;
			children = (
				F98DCC952235571800071224 /* PreloadViewController.swift */,
			);
			path = Preload;
			sourceTree = "<group>";
		};
		F98DCCA122355F7400071224 /* Repositories */ = {
			isa = PBXGroup;
			children = (
				F9EBF2D8223185C00008BAA7 /* FirebaseRepository.swift */,
				F9EBF2E4223417E80008BAA7 /* UsersRepository.swift */,
			);
			path = Repositories;
			sourceTree = "<group>";
		};
		F9CC5828223A76FE009490F8 /* Model */ = {
			isa = PBXGroup;
			children = (
				F9342D8722368A6400FD777E /* DatabaseRepresentation.swift */,
				F9342D8622368A6300FD777E /* Channel.swift */,
				F9342D8522368A6300FD777E /* Message.swift */,
			);
			path = Model;
			sourceTree = "<group>";
		};
		F9CC5829223A7739009490F8 /* Channels */ = {
			isa = PBXGroup;
			children = (
				F9342D9622369BE400FD777E /* ChannelsViewController.swift */,
				F9DAFFE3222C6C390076C198 /* ChannelsTableViewCell.swift */,
			);
			path = Channels;
			sourceTree = "<group>";
		};
		F9CC582A223A7746009490F8 /* Contacts */ = {
			isa = PBXGroup;
			children = (
				F9DAFFE7222C6C8E0076C198 /* ContactsViewController.swift */,
				F9DAFFE5222C6C770076C198 /* ContactsTableViewCell.swift */,
			);
			path = Contacts;
			sourceTree = "<group>";
		};
		F9CE4F3E223030170048A96A /* SignIn */ = {
			isa = PBXGroup;
			children = (
				F9CE4F3F2230302B0048A96A /* SignInViewController.swift */,
				F9CE4F4A2230522A0048A96A /* VerificationCodeViewController.swift */,
				F9CE4F4F22305B6B0048A96A /* SignUpViewController.swift */,
			);
			path = SignIn;
			sourceTree = "<group>";
		};
		F9CE4F41223038680048A96A /* Firebase */ = {
			isa = PBXGroup;
			children = (
				F98DCCA122355F7400071224 /* Repositories */,
				F9EBF2D222317DD20008BAA7 /* Models */,
				F9CE4F422230387E0048A96A /* FirebaseUser.swift */,
				F9EBF2D022317D9B0008BAA7 /* FirebaseModel.swift */,
				F9EBF2D622317FED0008BAA7 /* Keys.swift */,
				F9EBF2DE2234091B0008BAA7 /* FirebaseStorageManager.swift */,
				F9EBF2E2223413530008BAA7 /* FirebaseDatabaseManager.swift */,
			);
			path = Firebase;
			sourceTree = "<group>";
		};
		F9CE4F5122305C980048A96A /* Utilitis */ = {
			isa = PBXGroup;
			children = (
				F9342D8022368A5000FD777E /* UICollectionView+Additions.swift */,
				F9342D7F22368A4F00FD777E /* UIColor+Additions.swift */,
				F9342D7D22368A4F00FD777E /* UIImage+Additions.swift */,
				F9342D7E22368A4F00FD777E /* UIView+Additions.swift */,
				F9CC582B223A7C16009490F8 /* R.generated.swift */,
				F9CE4F4622304E460048A96A /* ValidationHelper.swift */,
				F9CE4F4422304E3B0048A96A /* IndicatorLoading.swift */,
				F9E2D657222C44150078E652 /* Extensions.swift */,
				F9EBF2D422317EE20008BAA7 /* NotificationName+Extension.swift */,
				F9EBF2DC2233F0910008BAA7 /* ActionSheetPicker.swift */,
				F9EBF2E022340E450008BAA7 /* Alert.swift */,
				F9E93FE822356DFC00B5A44B /* ImageCache.swift */,
			);
			path = Utilitis;
			sourceTree = "<group>";
		};
		F9DAFFE2222C6BBF0076C198 /* Chats */ = {
			isa = PBXGroup;
			children = (
				F9342D9522369BE300FD777E /* ChatViewController.swift */,
				F9342D8B22368A7300FD777E /* NavigationController.swift */,
				F9CC5829223A7739009490F8 /* Channels */,
				F9CC5828223A76FE009490F8 /* Model */,
				F9CC582A223A7746009490F8 /* Contacts */,
			);
			path = Chats;
			sourceTree = "<group>";
		};
		F9E2D659222C483F0078E652 /* Scenes */ = {
			isa = PBXGroup;
			children = (
				F98DCC942235570A00071224 /* Preload */,
				F9CE4F3E223030170048A96A /* SignIn */,
				F9E2D65F222C55260078E652 /* Timeline */,
				F9E2D65A222C48470078E652 /* Profile */,
				F9DAFFE2222C6BBF0076C198 /* Chats */,
			);
			path = Scenes;
			sourceTree = "<group>";
		};
		F9E2D65A222C48470078E652 /* Profile */ = {
			isa = PBXGroup;
			children = (
				F9E2D65B222C48630078E652 /* ProfileViewController.swift */,
				F9E2D65D222C48FF0078E652 /* ProfileTableViewCell.swift */,
			);
			path = Profile;
			sourceTree = "<group>";
		};
		F9E2D65F222C55260078E652 /* Timeline */ = {
			isa = PBXGroup;
			children = (
				F9E2D662222C5F590078E652 /* TimelineViewController.swift */,
				F9E2D660222C553D0078E652 /* TimelineViewControllerCell.swift */,
				F9325338223D412000CE88AB /* NewPostViewController.swift */,
				F932533A223ED24700CE88AB /* Post.swift */,
				F932533C223EDBFD00CE88AB /* Comment.swift */,
			);
			path = Timeline;
			sourceTree = "<group>";
		};
		F9EBF2D222317DD20008BAA7 /* Models */ = {
			isa = PBXGroup;
			children = (
				F9EBF2CD223177960008BAA7 /* UserModel.swift */,
			);
			path = Models;
			sourceTree = "<group>";
		};
/* End PBXGroup section */

/* Begin PBXNativeTarget section */
		F933B5912229DB0F00C1F4CF /* Yalla Chat */ = {
			isa = PBXNativeTarget;
			buildConfigurationList = F933B5A42229DB1000C1F4CF /* Build configuration list for PBXNativeTarget "Yalla Chat" */;
			buildPhases = (
				CB69054C6FADBEEB9194A48E /* [CP] Check Pods Manifest.lock */,
				F9CE4F4C22305AA30048A96A /* ShellScript */,
				F933B58E2229DB0F00C1F4CF /* Sources */,
				F933B58F2229DB0F00C1F4CF /* Frameworks */,
				F933B5902229DB0F00C1F4CF /* Resources */,
				FEFFD0B588D23A0A0AFE5B7B /* [CP] Embed Pods Frameworks */,
			);
			buildRules = (
			);
			dependencies = (
			);
			name = "Yalla Chat";
			productName = "Yalla Chat";
			productReference = F933B5922229DB0F00C1F4CF /* Yalla Chat.app */;
			productType = "com.apple.product-type.application";
		};
/* End PBXNativeTarget section */

/* Begin PBXProject section */
		F933B58A2229DB0F00C1F4CF /* Project object */ = {
			isa = PBXProject;
			attributes = {
				LastSwiftUpdateCheck = 1010;
				LastUpgradeCheck = 1010;
				ORGANIZATIONNAME = KSA;
				TargetAttributes = {
					F933B5912229DB0F00C1F4CF = {
						CreatedOnToolsVersion = 10.1;
					};
				};
			};
			buildConfigurationList = F933B58D2229DB0F00C1F4CF /* Build configuration list for PBXProject "Yalla Chat" */;
			compatibilityVersion = "Xcode 9.3";
			developmentRegion = en;
			hasScannedForEncodings = 0;
			knownRegions = (
				en,
				Base,
			);
			mainGroup = F933B5892229DB0F00C1F4CF;
			productRefGroup = F933B5932229DB0F00C1F4CF /* Products */;
			projectDirPath = "";
			projectRoot = "";
			targets = (
				F933B5912229DB0F00C1F4CF /* Yalla Chat */,
			);
		};
/* End PBXProject section */

/* Begin PBXResourcesBuildPhase section */
		F933B5902229DB0F00C1F4CF /* Resources */ = {
			isa = PBXResourcesBuildPhase;
			buildActionMask = 2147483647;
			files = (
				F938BA8A222AC47100F31083 /* TimelineCell.xib in Resources */,
				F933B5B02229DBED00C1F4CF /* SignIn.storyboard in Resources */,
				F933B5A02229DB1000C1F4CF /* LaunchScreen.storyboard in Resources */,
				F933B5AB2229DB6100C1F4CF /* TimeLine.storyboard in Resources */,
				F933B59D2229DB1000C1F4CF /* Assets.xcassets in Resources */,
				F98DCC9C22355B7400071224 /* Preload.storyboard in Resources */,
				F933B5AC2229DB6100C1F4CF /* Chat.storyboard in Resources */,
				F933B5AD2229DB6100C1F4CF /* Pro.storyboard in Resources */,
				F977405522301FB100B95C23 /* GoogleService-Info.plist in Resources */,
				F933B5AE2229DB6100C1F4CF /* Profile.storyboard in Resources */,
				F933B59B2229DB0F00C1F4CF /* Main.storyboard in Resources */,
			);
			runOnlyForDeploymentPostprocessing = 0;
		};
/* End PBXResourcesBuildPhase section */

/* Begin PBXShellScriptBuildPhase section */
		CB69054C6FADBEEB9194A48E /* [CP] Check Pods Manifest.lock */ = {
			isa = PBXShellScriptBuildPhase;
			buildActionMask = 2147483647;
			files = (
			);
			inputFileListPaths = (
			);
			inputPaths = (
				"${PODS_PODFILE_DIR_PATH}/Podfile.lock",
				"${PODS_ROOT}/Manifest.lock",
			);
			name = "[CP] Check Pods Manifest.lock";
			outputFileListPaths = (
			);
			outputPaths = (
				"$(DERIVED_FILE_DIR)/Pods-Yalla Chat-checkManifestLockResult.txt",
			);
			runOnlyForDeploymentPostprocessing = 0;
			shellPath = /bin/sh;
			shellScript = "diff \"${PODS_PODFILE_DIR_PATH}/Podfile.lock\" \"${PODS_ROOT}/Manifest.lock\" > /dev/null\nif [ $? != 0 ] ; then\n    # print error to STDERR\n    echo \"error: The sandbox is not in sync with the Podfile.lock. Run 'pod install' or update your CocoaPods installation.\" >&2\n    exit 1\nfi\n# This output is used by Xcode 'outputs' to avoid re-running this script phase.\necho \"SUCCESS\" > \"${SCRIPT_OUTPUT_FILE_0}\"\n";
			showEnvVarsInLog = 0;
		};
		F9CE4F4C22305AA30048A96A /* ShellScript */ = {
			isa = PBXShellScriptBuildPhase;
			buildActionMask = 2147483647;
			files = (
			);
			inputFileListPaths = (
			);
			inputPaths = (
				"$TEMP_DIR/rswift-lastrun",
			);
			outputFileListPaths = (
			);
			outputPaths = (
				$SRCROOT/R.generated.swift,
			);
			runOnlyForDeploymentPostprocessing = 0;
			shellPath = /bin/sh;
			shellScript = "\"$PODS_ROOT/R.swift/rswift\" generate \"$SRCROOT/R.generated.swift\"\n";
		};
		FEFFD0B588D23A0A0AFE5B7B /* [CP] Embed Pods Frameworks */ = {
			isa = PBXShellScriptBuildPhase;
			buildActionMask = 2147483647;
			files = (
			);
			inputFileListPaths = (
			);
			inputPaths = (
				"${SRCROOT}/Pods/Target Support Files/Pods-Yalla Chat/Pods-Yalla Chat-frameworks.sh",
				"${BUILT_PRODUCTS_DIR}/ActionSheetPicker-3.0/ActionSheetPicker_3_0.framework",
				"${BUILT_PRODUCTS_DIR}/Alamofire/Alamofire.framework",
				"${BUILT_PRODUCTS_DIR}/AlamofireImage/AlamofireImage.framework",
				"${BUILT_PRODUCTS_DIR}/BoringSSL-GRPC/openssl_grpc.framework",
				"${BUILT_PRODUCTS_DIR}/GTMSessionFetcher/GTMSessionFetcher.framework",
				"${BUILT_PRODUCTS_DIR}/GoogleUtilities/GoogleUtilities.framework",
				"${BUILT_PRODUCTS_DIR}/IQKeyboardManagerSwift/IQKeyboardManagerSwift.framework",
				"${BUILT_PRODUCTS_DIR}/MessageInputBar/MessageInputBar.framework",
				"${BUILT_PRODUCTS_DIR}/MessageKit/MessageKit.framework",
				"${BUILT_PRODUCTS_DIR}/Protobuf/Protobuf.framework",
				"${BUILT_PRODUCTS_DIR}/R.swift.Library/Rswift.framework",
				"${BUILT_PRODUCTS_DIR}/SwiftMessages/SwiftMessages.framework",
				"${BUILT_PRODUCTS_DIR}/gRPC-C++/grpcpp.framework",
				"${BUILT_PRODUCTS_DIR}/gRPC-Core/grpc.framework",
				"${BUILT_PRODUCTS_DIR}/leveldb-library/leveldb.framework",
				"${BUILT_PRODUCTS_DIR}/nanopb/nanopb.framework",
			);
			name = "[CP] Embed Pods Frameworks";
			outputFileListPaths = (
			);
			outputPaths = (
				"${TARGET_BUILD_DIR}/${FRAMEWORKS_FOLDER_PATH}/ActionSheetPicker_3_0.framework",
				"${TARGET_BUILD_DIR}/${FRAMEWORKS_FOLDER_PATH}/Alamofire.framework",
				"${TARGET_BUILD_DIR}/${FRAMEWORKS_FOLDER_PATH}/AlamofireImage.framework",
				"${TARGET_BUILD_DIR}/${FRAMEWORKS_FOLDER_PATH}/openssl_grpc.framework",
				"${TARGET_BUILD_DIR}/${FRAMEWORKS_FOLDER_PATH}/GTMSessionFetcher.framework",
				"${TARGET_BUILD_DIR}/${FRAMEWORKS_FOLDER_PATH}/GoogleUtilities.framework",
				"${TARGET_BUILD_DIR}/${FRAMEWORKS_FOLDER_PATH}/IQKeyboardManagerSwift.framework",
				"${TARGET_BUILD_DIR}/${FRAMEWORKS_FOLDER_PATH}/MessageInputBar.framework",
				"${TARGET_BUILD_DIR}/${FRAMEWORKS_FOLDER_PATH}/MessageKit.framework",
				"${TARGET_BUILD_DIR}/${FRAMEWORKS_FOLDER_PATH}/Protobuf.framework",
				"${TARGET_BUILD_DIR}/${FRAMEWORKS_FOLDER_PATH}/Rswift.framework",
				"${TARGET_BUILD_DIR}/${FRAMEWORKS_FOLDER_PATH}/SwiftMessages.framework",
				"${TARGET_BUILD_DIR}/${FRAMEWORKS_FOLDER_PATH}/grpcpp.framework",
				"${TARGET_BUILD_DIR}/${FRAMEWORKS_FOLDER_PATH}/grpc.framework",
				"${TARGET_BUILD_DIR}/${FRAMEWORKS_FOLDER_PATH}/leveldb.framework",
				"${TARGET_BUILD_DIR}/${FRAMEWORKS_FOLDER_PATH}/nanopb.framework",
			);
			runOnlyForDeploymentPostprocessing = 0;
			shellPath = /bin/sh;
			shellScript = "\"${SRCROOT}/Pods/Target Support Files/Pods-Yalla Chat/Pods-Yalla Chat-frameworks.sh\"\n";
			showEnvVarsInLog = 0;
		};
/* End PBXShellScriptBuildPhase section */

/* Begin PBXSourcesBuildPhase section */
		F933B58E2229DB0F00C1F4CF /* Sources */ = {
			isa = PBXSourcesBuildPhase;
			buildActionMask = 2147483647;
			files = (
				F9CE4F4B2230522A0048A96A /* VerificationCodeViewController.swift in Sources */,
				F9E2D658222C44150078E652 /* Extensions.swift in Sources */,
				F9DAFFE8222C6C8E0076C198 /* ContactsViewController.swift in Sources */,
				F9E2D663222C5F590078E652 /* TimelineViewController.swift in Sources */,
				F9EBF2D722317FED0008BAA7 /* Keys.swift in Sources */,
				F9EBF2DD2233F0910008BAA7 /* ActionSheetPicker.swift in Sources */,
				F9342D8322368A5000FD777E /* UIColor+Additions.swift in Sources */,
				F9342D9822369BE400FD777E /* ChannelsViewController.swift in Sources */,
				F9CE4F432230387E0048A96A /* FirebaseUser.swift in Sources */,
				F9DAFFE6222C6C770076C198 /* ContactsTableViewCell.swift in Sources */,
				F9EBF2D522317EE20008BAA7 /* NotificationName+Extension.swift in Sources */,
				F9EBF2E122340E450008BAA7 /* Alert.swift in Sources */,
				F9EBF2E5223417E80008BAA7 /* UsersRepository.swift in Sources */,
				F9342D8122368A5000FD777E /* UIImage+Additions.swift in Sources */,
				F9EBF2D122317D9B0008BAA7 /* FirebaseModel.swift in Sources */,
				F933B5982229DB0F00C1F4CF /* ViewController.swift in Sources */,
				F9CE4F5022305B6B0048A96A /* SignUpViewController.swift in Sources */,
				F9325339223D412000CE88AB /* NewPostViewController.swift in Sources */,
				F9EBF2CE223177960008BAA7 /* UserModel.swift in Sources */,
				F9342D9022368A7500FD777E /* NavigationController.swift in Sources */,
				F9342D9722369BE400FD777E /* ChatViewController.swift in Sources */,
				F9CE4F402230302B0048A96A /* SignInViewController.swift in Sources */,
				F9E2D65C222C48630078E652 /* ProfileViewController.swift in Sources */,
				F9CE4F4522304E3B0048A96A /* IndicatorLoading.swift in Sources */,
				F9342D8922368A6400FD777E /* Channel.swift in Sources */,
				F9EBF2E3223413530008BAA7 /* FirebaseDatabaseManager.swift in Sources */,
				F9DAFFE4222C6C390076C198 /* ChannelsTableViewCell.swift in Sources */,
				F9EBF2DF2234091B0008BAA7 /* FirebaseStorageManager.swift in Sources */,
				F9E2D65E222C48FF0078E652 /* ProfileTableViewCell.swift in Sources */,
				F9CC582C223A7C16009490F8 /* R.generated.swift in Sources */,
				F9E2D661222C553D0078E652 /* TimelineViewControllerCell.swift in Sources */,
				F932533D223EDBFD00CE88AB /* Comment.swift in Sources */,
				F9342D8A22368A6400FD777E /* DatabaseRepresentation.swift in Sources */,
				F9E93FE922356DFC00B5A44B /* ImageCache.swift in Sources */,
				F9CE4F4722304E460048A96A /* ValidationHelper.swift in Sources */,
				F9342D8822368A6400FD777E /* Message.swift in Sources */,
				F9EBF2D9223185C00008BAA7 /* FirebaseRepository.swift in Sources */,
				F9342D8222368A5000FD777E /* UIView+Additions.swift in Sources */,
				F98DCC962235571800071224 /* PreloadViewController.swift in Sources */,
				F9342D8422368A5000FD777E /* UICollectionView+Additions.swift in Sources */,
				F932533B223ED24700CE88AB /* Post.swift in Sources */,
				F9342D7C22368A3B00FD777E /* AppSettings.swift in Sources */,
				F933B5962229DB0F00C1F4CF /* AppDelegate.swift in Sources */,
				F9F223922237CB8C00EE1605 /* AppController.swift in Sources */,
			);
			runOnlyForDeploymentPostprocessing = 0;
		};
/* End PBXSourcesBuildPhase section */

/* Begin PBXVariantGroup section */
		F933B5992229DB0F00C1F4CF /* Main.storyboard */ = {
			isa = PBXVariantGroup;
			children = (
				F933B59A2229DB0F00C1F4CF /* Base */,
			);
			name = Main.storyboard;
			sourceTree = "<group>";
		};
		F933B59E2229DB1000C1F4CF /* LaunchScreen.storyboard */ = {
			isa = PBXVariantGroup;
			children = (
				F933B59F2229DB1000C1F4CF /* Base */,
			);
			name = LaunchScreen.storyboard;
			sourceTree = "<group>";
		};
/* End PBXVariantGroup section */

/* Begin XCBuildConfiguration section */
		F933B5A22229DB1000C1F4CF /* Debug */ = {
			isa = XCBuildConfiguration;
			buildSettings = {
				ALWAYS_SEARCH_USER_PATHS = NO;
				CLANG_ANALYZER_NONNULL = YES;
				CLANG_ANALYZER_NUMBER_OBJECT_CONVERSION = YES_AGGRESSIVE;
				CLANG_CXX_LANGUAGE_STANDARD = "gnu++14";
				CLANG_CXX_LIBRARY = "libc++";
				CLANG_ENABLE_MODULES = YES;
				CLANG_ENABLE_OBJC_ARC = YES;
				CLANG_ENABLE_OBJC_WEAK = YES;
				CLANG_WARN_BLOCK_CAPTURE_AUTORELEASING = YES;
				CLANG_WARN_BOOL_CONVERSION = YES;
				CLANG_WARN_COMMA = YES;
				CLANG_WARN_CONSTANT_CONVERSION = YES;
				CLANG_WARN_DEPRECATED_OBJC_IMPLEMENTATIONS = YES;
				CLANG_WARN_DIRECT_OBJC_ISA_USAGE = YES_ERROR;
				CLANG_WARN_DOCUMENTATION_COMMENTS = YES;
				CLANG_WARN_EMPTY_BODY = YES;
				CLANG_WARN_ENUM_CONVERSION = YES;
				CLANG_WARN_INFINITE_RECURSION = YES;
				CLANG_WARN_INT_CONVERSION = YES;
				CLANG_WARN_NON_LITERAL_NULL_CONVERSION = YES;
				CLANG_WARN_OBJC_IMPLICIT_RETAIN_SELF = YES;
				CLANG_WARN_OBJC_LITERAL_CONVERSION = YES;
				CLANG_WARN_OBJC_ROOT_CLASS = YES_ERROR;
				CLANG_WARN_RANGE_LOOP_ANALYSIS = YES;
				CLANG_WARN_STRICT_PROTOTYPES = YES;
				CLANG_WARN_SUSPICIOUS_MOVE = YES;
				CLANG_WARN_UNGUARDED_AVAILABILITY = YES_AGGRESSIVE;
				CLANG_WARN_UNREACHABLE_CODE = YES;
				CLANG_WARN__DUPLICATE_METHOD_MATCH = YES;
				CODE_SIGN_IDENTITY = "iPhone Developer";
				COPY_PHASE_STRIP = NO;
				DEBUG_INFORMATION_FORMAT = dwarf;
				ENABLE_STRICT_OBJC_MSGSEND = YES;
				ENABLE_TESTABILITY = YES;
				GCC_C_LANGUAGE_STANDARD = gnu11;
				GCC_DYNAMIC_NO_PIC = NO;
				GCC_NO_COMMON_BLOCKS = YES;
				GCC_OPTIMIZATION_LEVEL = 0;
				GCC_PREPROCESSOR_DEFINITIONS = (
					"DEBUG=1",
					"$(inherited)",
				);
				GCC_WARN_64_TO_32_BIT_CONVERSION = YES;
				GCC_WARN_ABOUT_RETURN_TYPE = YES_ERROR;
				GCC_WARN_UNDECLARED_SELECTOR = YES;
				GCC_WARN_UNINITIALIZED_AUTOS = YES_AGGRESSIVE;
				GCC_WARN_UNUSED_FUNCTION = YES;
				GCC_WARN_UNUSED_VARIABLE = YES;
				IPHONEOS_DEPLOYMENT_TARGET = 11.0;
				MTL_ENABLE_DEBUG_INFO = INCLUDE_SOURCE;
				MTL_FAST_MATH = YES;
				ONLY_ACTIVE_ARCH = YES;
				SDKROOT = iphoneos;
				SWIFT_ACTIVE_COMPILATION_CONDITIONS = DEBUG;
				SWIFT_OPTIMIZATION_LEVEL = "-Onone";
			};
			name = Debug;
		};
		F933B5A32229DB1000C1F4CF /* Release */ = {
			isa = XCBuildConfiguration;
			buildSettings = {
				ALWAYS_SEARCH_USER_PATHS = NO;
				CLANG_ANALYZER_NONNULL = YES;
				CLANG_ANALYZER_NUMBER_OBJECT_CONVERSION = YES_AGGRESSIVE;
				CLANG_CXX_LANGUAGE_STANDARD = "gnu++14";
				CLANG_CXX_LIBRARY = "libc++";
				CLANG_ENABLE_MODULES = YES;
				CLANG_ENABLE_OBJC_ARC = YES;
				CLANG_ENABLE_OBJC_WEAK = YES;
				CLANG_WARN_BLOCK_CAPTURE_AUTORELEASING = YES;
				CLANG_WARN_BOOL_CONVERSION = YES;
				CLANG_WARN_COMMA = YES;
				CLANG_WARN_CONSTANT_CONVERSION = YES;
				CLANG_WARN_DEPRECATED_OBJC_IMPLEMENTATIONS = YES;
				CLANG_WARN_DIRECT_OBJC_ISA_USAGE = YES_ERROR;
				CLANG_WARN_DOCUMENTATION_COMMENTS = YES;
				CLANG_WARN_EMPTY_BODY = YES;
				CLANG_WARN_ENUM_CONVERSION = YES;
				CLANG_WARN_INFINITE_RECURSION = YES;
				CLANG_WARN_INT_CONVERSION = YES;
				CLANG_WARN_NON_LITERAL_NULL_CONVERSION = YES;
				CLANG_WARN_OBJC_IMPLICIT_RETAIN_SELF = YES;
				CLANG_WARN_OBJC_LITERAL_CONVERSION = YES;
				CLANG_WARN_OBJC_ROOT_CLASS = YES_ERROR;
				CLANG_WARN_RANGE_LOOP_ANALYSIS = YES;
				CLANG_WARN_STRICT_PROTOTYPES = YES;
				CLANG_WARN_SUSPICIOUS_MOVE = YES;
				CLANG_WARN_UNGUARDED_AVAILABILITY = YES_AGGRESSIVE;
				CLANG_WARN_UNREACHABLE_CODE = YES;
				CLANG_WARN__DUPLICATE_METHOD_MATCH = YES;
				CODE_SIGN_IDENTITY = "iPhone Developer";
				COPY_PHASE_STRIP = NO;
				DEBUG_INFORMATION_FORMAT = "dwarf-with-dsym";
				ENABLE_NS_ASSERTIONS = NO;
				ENABLE_STRICT_OBJC_MSGSEND = YES;
				GCC_C_LANGUAGE_STANDARD = gnu11;
				GCC_NO_COMMON_BLOCKS = YES;
				GCC_WARN_64_TO_32_BIT_CONVERSION = YES;
				GCC_WARN_ABOUT_RETURN_TYPE = YES_ERROR;
				GCC_WARN_UNDECLARED_SELECTOR = YES;
				GCC_WARN_UNINITIALIZED_AUTOS = YES_AGGRESSIVE;
				GCC_WARN_UNUSED_FUNCTION = YES;
				GCC_WARN_UNUSED_VARIABLE = YES;
				IPHONEOS_DEPLOYMENT_TARGET = 11.0;
				MTL_ENABLE_DEBUG_INFO = NO;
				MTL_FAST_MATH = YES;
				SDKROOT = iphoneos;
				SWIFT_COMPILATION_MODE = wholemodule;
				SWIFT_OPTIMIZATION_LEVEL = "-O";
				VALIDATE_PRODUCT = YES;
			};
			name = Release;
		};
		F933B5A52229DB1000C1F4CF /* Debug */ = {
			isa = XCBuildConfiguration;
			baseConfigurationReference = 471DBD1A8570736312070503 /* Pods-Yalla Chat.debug.xcconfig */;
			buildSettings = {
				ASSETCATALOG_COMPILER_APPICON_NAME = AppIcon;
				CODE_SIGN_STYLE = Automatic;
				DEVELOPMENT_TEAM = D72DRUW999;
				INFOPLIST_FILE = "Yalla Chat/Info.plist";
				LD_RUNPATH_SEARCH_PATHS = (
					"$(inherited)",
					"@executable_path/Frameworks",
				);
				PRODUCT_BUNDLE_IDENTIFIER = "allam.io.Yalla-Chat";
				PRODUCT_NAME = "$(TARGET_NAME)";
				SWIFT_VERSION = 4.2;
				TARGETED_DEVICE_FAMILY = "1,2";
			};
			name = Debug;
		};
		F933B5A62229DB1000C1F4CF /* Release */ = {
			isa = XCBuildConfiguration;
			baseConfigurationReference = BBA663AE5FEA751438F7B902 /* Pods-Yalla Chat.release.xcconfig */;
			buildSettings = {
				ASSETCATALOG_COMPILER_APPICON_NAME = AppIcon;
				CODE_SIGN_STYLE = Automatic;
				DEVELOPMENT_TEAM = D72DRUW999;
				INFOPLIST_FILE = "Yalla Chat/Info.plist";
				LD_RUNPATH_SEARCH_PATHS = (
					"$(inherited)",
					"@executable_path/Frameworks",
				);
				PRODUCT_BUNDLE_IDENTIFIER = "allam.io.Yalla-Chat";
				PRODUCT_NAME = "$(TARGET_NAME)";
				SWIFT_VERSION = 4.2;
				TARGETED_DEVICE_FAMILY = "1,2";
			};
			name = Release;
		};
/* End XCBuildConfiguration section */

/* Begin XCConfigurationList section */
		F933B58D2229DB0F00C1F4CF /* Build configuration list for PBXProject "Yalla Chat" */ = {
			isa = XCConfigurationList;
			buildConfigurations = (
				F933B5A22229DB1000C1F4CF /* Debug */,
				F933B5A32229DB1000C1F4CF /* Release */,
			);
			defaultConfigurationIsVisible = 0;
			defaultConfigurationName = Release;
		};
		F933B5A42229DB1000C1F4CF /* Build configuration list for PBXNativeTarget "Yalla Chat" */ = {
			isa = XCConfigurationList;
			buildConfigurations = (
				F933B5A52229DB1000C1F4CF /* Debug */,
				F933B5A62229DB1000C1F4CF /* Release */,
			);
			defaultConfigurationIsVisible = 0;
			defaultConfigurationName = Release;
		};
/* End XCConfigurationList section */
	};
	rootObject = F933B58A2229DB0F00C1F4CF /* Project object */;
}
