// !$*UTF8*$!
{
	archiveVersion = 1;
	classes = {
	};
	objectVersion = 50;
	objects = {

/* Begin PBXBuildFile section */
		F933B5962229DB0F00C1F4CF /* AppDelegate.swift in Sources */ = {isa = PBXBuildFile; fileRef = F933B5952229DB0F00C1F4CF /* AppDelegate.swift */; };
		F933B5982229DB0F00C1F4CF /* ViewController.swift in Sources */ = {isa = PBXBuildFile; fileRef = F933B5972229DB0F00C1F4CF /* ViewController.swift */; };
		F933B59B2229DB0F00C1F4CF /* Main.storyboard in Resources */ = {isa = PBXBuildFile; fileRef = F933B5992229DB0F00C1F4CF /* Main.storyboard */; };
		F933B59D2229DB1000C1F4CF /* Assets.xcassets in Resources */ = {isa = PBXBuildFile; fileRef = F933B59C2229DB1000C1F4CF /* Assets.xcassets */; };
		F933B5A02229DB1000C1F4CF /* LaunchScreen.storyboard in Resources */ = {isa = PBXBuildFile; fileRef = F933B59E2229DB1000C1F4CF /* LaunchScreen.storyboard */; };
		F933B5AB2229DB6100C1F4CF /* TimeLine.storyboard in Resources */ = {isa = PBXBuildFile; fileRef = F933B5A72229DB6100C1F4CF /* TimeLine.storyboard */; };
		F933B5AC2229DB6100C1F4CF /* Chat.storyboard in Resources */ = {isa = PBXBuildFile; fileRef = F933B5A82229DB6100C1F4CF /* Chat.storyboard */; };
		F933B5AD2229DB6100C1F4CF /* Pro.storyboard in Resources */ = {isa = PBXBuildFile; fileRef = F933B5A92229DB6100C1F4CF /* Pro.storyboard */; };
		F933B5AE2229DB6100C1F4CF /* Profile.storyboard in Resources */ = {isa = PBXBuildFile; fileRef = F933B5AA2229DB6100C1F4CF /* Profile.storyboard */; };
		F933B5B02229DBED00C1F4CF /* SignIn.storyboard in Resources */ = {isa = PBXBuildFile; fileRef = F933B5AF2229DBED00C1F4CF /* SignIn.storyboard */; };
		F938BA8A222AC47100F31083 /* TimelineCell.xib in Resources */ = {isa = PBXBuildFile; fileRef = F938BA89222AC47100F31083 /* TimelineCell.xib */; };
		F9DAFFE1222C6BB80076C198 /* ChatsViewController.swift in Sources */ = {isa = PBXBuildFile; fileRef = F9DAFFE0222C6BB80076C198 /* ChatsViewController.swift */; };
		F9DAFFE4222C6C390076C198 /* ChatsTableViewCell.swift in Sources */ = {isa = PBXBuildFile; fileRef = F9DAFFE3222C6C390076C198 /* ChatsTableViewCell.swift */; };
		F9DAFFE6222C6C770076C198 /* ContactsTableViewCell.swift in Sources */ = {isa = PBXBuildFile; fileRef = F9DAFFE5222C6C770076C198 /* ContactsTableViewCell.swift */; };
		F9DAFFE8222C6C8E0076C198 /* ContactsViewController.swift in Sources */ = {isa = PBXBuildFile; fileRef = F9DAFFE7222C6C8E0076C198 /* ContactsViewController.swift */; };
		F9DAFFEA222C707A0076C198 /* ChatViewController.swift in Sources */ = {isa = PBXBuildFile; fileRef = F9DAFFE9222C707A0076C198 /* ChatViewController.swift */; };
		F9E2D658222C44150078E652 /* Extensions.swift in Sources */ = {isa = PBXBuildFile; fileRef = F9E2D657222C44150078E652 /* Extensions.swift */; };
		F9E2D65C222C48630078E652 /* ProfileViewController.swift in Sources */ = {isa = PBXBuildFile; fileRef = F9E2D65B222C48630078E652 /* ProfileViewController.swift */; };
		F9E2D65E222C48FF0078E652 /* ProfileTableViewCell.swift in Sources */ = {isa = PBXBuildFile; fileRef = F9E2D65D222C48FF0078E652 /* ProfileTableViewCell.swift */; };
		F9E2D661222C553D0078E652 /* TimelineViewControllerCell.swift in Sources */ = {isa = PBXBuildFile; fileRef = F9E2D660222C553D0078E652 /* TimelineViewControllerCell.swift */; };
		F9E2D663222C5F590078E652 /* TimelineTableViewController.swift in Sources */ = {isa = PBXBuildFile; fileRef = F9E2D662222C5F590078E652 /* TimelineTableViewController.swift */; };
/* End PBXBuildFile section */

/* Begin PBXFileReference section */
		F933B5922229DB0F00C1F4CF /* Yalla Chat.app */ = {isa = PBXFileReference; explicitFileType = wrapper.application; includeInIndex = 0; path = "Yalla Chat.app"; sourceTree = BUILT_PRODUCTS_DIR; };
		F933B5952229DB0F00C1F4CF /* AppDelegate.swift */ = {isa = PBXFileReference; lastKnownFileType = sourcecode.swift; path = AppDelegate.swift; sourceTree = "<group>"; };
		F933B5972229DB0F00C1F4CF /* ViewController.swift */ = {isa = PBXFileReference; lastKnownFileType = sourcecode.swift; path = ViewController.swift; sourceTree = "<group>"; };
		F933B59A2229DB0F00C1F4CF /* Base */ = {isa = PBXFileReference; lastKnownFileType = file.storyboard; name = Base; path = Base.lproj/Main.storyboard; sourceTree = "<group>"; };
		F933B59C2229DB1000C1F4CF /* Assets.xcassets */ = {isa = PBXFileReference; lastKnownFileType = folder.assetcatalog; path = Assets.xcassets; sourceTree = "<group>"; };
		F933B59F2229DB1000C1F4CF /* Base */ = {isa = PBXFileReference; lastKnownFileType = file.storyboard; name = Base; path = Base.lproj/LaunchScreen.storyboard; sourceTree = "<group>"; };
		F933B5A12229DB1000C1F4CF /* Info.plist */ = {isa = PBXFileReference; lastKnownFileType = text.plist.xml; path = Info.plist; sourceTree = "<group>"; };
		F933B5A72229DB6100C1F4CF /* TimeLine.storyboard */ = {isa = PBXFileReference; fileEncoding = 4; lastKnownFileType = file.storyboard; path = TimeLine.storyboard; sourceTree = "<group>"; };
		F933B5A82229DB6100C1F4CF /* Chat.storyboard */ = {isa = PBXFileReference; fileEncoding = 4; lastKnownFileType = file.storyboard; path = Chat.storyboard; sourceTree = "<group>"; };
		F933B5A92229DB6100C1F4CF /* Pro.storyboard */ = {isa = PBXFileReference; fileEncoding = 4; lastKnownFileType = file.storyboard; path = Pro.storyboard; sourceTree = "<group>"; };
		F933B5AA2229DB6100C1F4CF /* Profile.storyboard */ = {isa = PBXFileReference; fileEncoding = 4; lastKnownFileType = file.storyboard; path = Profile.storyboard; sourceTree = "<group>"; };
		F933B5AF2229DBED00C1F4CF /* SignIn.storyboard */ = {isa = PBXFileReference; fileEncoding = 4; lastKnownFileType = file.storyboard; path = SignIn.storyboard; sourceTree = "<group>"; };
		F938BA89222AC47100F31083 /* TimelineCell.xib */ = {isa = PBXFileReference; lastKnownFileType = file.xib; path = TimelineCell.xib; sourceTree = "<group>"; };
		F9DAFFE0222C6BB80076C198 /* ChatsViewController.swift */ = {isa = PBXFileReference; lastKnownFileType = sourcecode.swift; path = ChatsViewController.swift; sourceTree = "<group>"; };
		F9DAFFE3222C6C390076C198 /* ChatsTableViewCell.swift */ = {isa = PBXFileReference; lastKnownFileType = sourcecode.swift; path = ChatsTableViewCell.swift; sourceTree = "<group>"; };
		F9DAFFE5222C6C770076C198 /* ContactsTableViewCell.swift */ = {isa = PBXFileReference; lastKnownFileType = sourcecode.swift; path = ContactsTableViewCell.swift; sourceTree = "<group>"; };
		F9DAFFE7222C6C8E0076C198 /* ContactsViewController.swift */ = {isa = PBXFileReference; lastKnownFileType = sourcecode.swift; path = ContactsViewController.swift; sourceTree = "<group>"; };
		F9DAFFE9222C707A0076C198 /* ChatViewController.swift */ = {isa = PBXFileReference; lastKnownFileType = sourcecode.swift; path = ChatViewController.swift; sourceTree = "<group>"; };
		F9E2D657222C44150078E652 /* Extensions.swift */ = {isa = PBXFileReference; lastKnownFileType = sourcecode.swift; path = Extensions.swift; sourceTree = "<group>"; };
		F9E2D65B222C48630078E652 /* ProfileViewController.swift */ = {isa = PBXFileReference; lastKnownFileType = sourcecode.swift; path = ProfileViewController.swift; sourceTree = "<group>"; };
		F9E2D65D222C48FF0078E652 /* ProfileTableViewCell.swift */ = {isa = PBXFileReference; lastKnownFileType = sourcecode.swift; path = ProfileTableViewCell.swift; sourceTree = "<group>"; };
		F9E2D660222C553D0078E652 /* TimelineViewControllerCell.swift */ = {isa = PBXFileReference; lastKnownFileType = sourcecode.swift; path = TimelineViewControllerCell.swift; sourceTree = "<group>"; };
		F9E2D662222C5F590078E652 /* TimelineTableViewController.swift */ = {isa = PBXFileReference; lastKnownFileType = sourcecode.swift; path = TimelineTableViewController.swift; sourceTree = "<group>"; };
/* End PBXFileReference section */

/* Begin PBXFrameworksBuildPhase section */
		F933B58F2229DB0F00C1F4CF /* Frameworks */ = {
			isa = PBXFrameworksBuildPhase;
			buildActionMask = 2147483647;
			files = (
			);
			runOnlyForDeploymentPostprocessing = 0;
		};
/* End PBXFrameworksBuildPhase section */

/* Begin PBXGroup section */
		F933B5892229DB0F00C1F4CF = {
			isa = PBXGroup;
			children = (
				F933B5942229DB0F00C1F4CF /* Yalla Chat */,
				F933B5932229DB0F00C1F4CF /* Products */,
			);
			sourceTree = "<group>";
		};
		F933B5932229DB0F00C1F4CF /* Products */ = {
			isa = PBXGroup;
			children = (
				F933B5922229DB0F00C1F4CF /* Yalla Chat.app */,
			);
			name = Products;
			sourceTree = "<group>";
		};
		F933B5942229DB0F00C1F4CF /* Yalla Chat */ = {
			isa = PBXGroup;
			children = (
				F9E2D659222C483F0078E652 /* Scenes */,
				F938BA88222AC44C00F31083 /* xib */,
				F933B5B12229DC2600C1F4CF /* storyboard */,
				F933B5952229DB0F00C1F4CF /* AppDelegate.swift */,
				F933B5972229DB0F00C1F4CF /* ViewController.swift */,
				F933B59C2229DB1000C1F4CF /* Assets.xcassets */,
				F933B59E2229DB1000C1F4CF /* LaunchScreen.storyboard */,
				F933B5A12229DB1000C1F4CF /* Info.plist */,
				F9E2D657222C44150078E652 /* Extensions.swift */,
			);
			path = "Yalla Chat";
			sourceTree = "<group>";
		};
		F933B5B12229DC2600C1F4CF /* storyboard */ = {
			isa = PBXGroup;
			children = (
				F933B5A82229DB6100C1F4CF /* Chat.storyboard */,
				F933B5A92229DB6100C1F4CF /* Pro.storyboard */,
				F933B5AA2229DB6100C1F4CF /* Profile.storyboard */,
				F933B5A72229DB6100C1F4CF /* TimeLine.storyboard */,
				F933B5AF2229DBED00C1F4CF /* SignIn.storyboard */,
				F933B5992229DB0F00C1F4CF /* Main.storyboard */,
			);
			path = storyboard;
			sourceTree = "<group>";
		};
		F938BA88222AC44C00F31083 /* xib */ = {
			isa = PBXGroup;
			children = (
				F938BA89222AC47100F31083 /* TimelineCell.xib */,
			);
			path = xib;
			sourceTree = "<group>";
		};
		F9DAFFE2222C6BBF0076C198 /* Chats */ = {
			isa = PBXGroup;
			children = (
				F9DAFFE0222C6BB80076C198 /* ChatsViewController.swift */,
				F9DAFFE3222C6C390076C198 /* ChatsTableViewCell.swift */,
				F9DAFFE7222C6C8E0076C198 /* ContactsViewController.swift */,
				F9DAFFE5222C6C770076C198 /* ContactsTableViewCell.swift */,
				F9DAFFE9222C707A0076C198 /* ChatViewController.swift */,
			);
			path = Chats;
			sourceTree = "<group>";
		};
		F9E2D659222C483F0078E652 /* Scenes */ = {
			isa = PBXGroup;
			children = (
				F9E2D65F222C55260078E652 /* Timeline */,
				F9E2D65A222C48470078E652 /* Profile */,
				F9DAFFE2222C6BBF0076C198 /* Chats */,
			);
			path = Scenes;
			sourceTree = "<group>";
		};
		F9E2D65A222C48470078E652 /* Profile */ = {
			isa = PBXGroup;
			children = (
				F9E2D65B222C48630078E652 /* ProfileViewController.swift */,
				F9E2D65D222C48FF0078E652 /* ProfileTableViewCell.swift */,
			);
			path = Profile;
			sourceTree = "<group>";
		};
		F9E2D65F222C55260078E652 /* Timeline */ = {
			isa = PBXGroup;
			children = (
				F9E2D662222C5F590078E652 /* TimelineTableViewController.swift */,
				F9E2D660222C553D0078E652 /* TimelineViewControllerCell.swift */,
			);
			path = Timeline;
			sourceTree = "<group>";
		};
/* End PBXGroup section */

/* Begin PBXNativeTarget section */
		F933B5912229DB0F00C1F4CF /* Yalla Chat */ = {
			isa = PBXNativeTarget;
			buildConfigurationList = F933B5A42229DB1000C1F4CF /* Build configuration list for PBXNativeTarget "Yalla Chat" */;
			buildPhases = (
				F933B58E2229DB0F00C1F4CF /* Sources */,
				F933B58F2229DB0F00C1F4CF /* Frameworks */,
				F933B5902229DB0F00C1F4CF /* Resources */,
			);
			buildRules = (
			);
			dependencies = (
			);
			name = "Yalla Chat";
			productName = "Yalla Chat";
			productReference = F933B5922229DB0F00C1F4CF /* Yalla Chat.app */;
			productType = "com.apple.product-type.application";
		};
/* End PBXNativeTarget section */

/* Begin PBXProject section */
		F933B58A2229DB0F00C1F4CF /* Project object */ = {
			isa = PBXProject;
			attributes = {
				LastSwiftUpdateCheck = 1010;
				LastUpgradeCheck = 1010;
				ORGANIZATIONNAME = KSA;
				TargetAttributes = {
					F933B5912229DB0F00C1F4CF = {
						CreatedOnToolsVersion = 10.1;
					};
				};
			};
			buildConfigurationList = F933B58D2229DB0F00C1F4CF /* Build configuration list for PBXProject "Yalla Chat" */;
			compatibilityVersion = "Xcode 9.3";
			developmentRegion = en;
			hasScannedForEncodings = 0;
			knownRegions = (
				en,
				Base,
			);
			mainGroup = F933B5892229DB0F00C1F4CF;
			productRefGroup = F933B5932229DB0F00C1F4CF /* Products */;
			projectDirPath = "";
			projectRoot = "";
			targets = (
				F933B5912229DB0F00C1F4CF /* Yalla Chat */,
			);
		};
/* End PBXProject section */

/* Begin PBXResourcesBuildPhase section */
		F933B5902229DB0F00C1F4CF /* Resources */ = {
			isa = PBXResourcesBuildPhase;
			buildActionMask = 2147483647;
			files = (
				F938BA8A222AC47100F31083 /* TimelineCell.xib in Resources */,
				F933B5B02229DBED00C1F4CF /* SignIn.storyboard in Resources */,
				F933B5A02229DB1000C1F4CF /* LaunchScreen.storyboard in Resources */,
				F933B5AB2229DB6100C1F4CF /* TimeLine.storyboard in Resources */,
				F933B59D2229DB1000C1F4CF /* Assets.xcassets in Resources */,
				F933B5AC2229DB6100C1F4CF /* Chat.storyboard in Resources */,
				F933B5AD2229DB6100C1F4CF /* Pro.storyboard in Resources */,
				F933B5AE2229DB6100C1F4CF /* Profile.storyboard in Resources */,
				F933B59B2229DB0F00C1F4CF /* Main.storyboard in Resources */,
			);
			runOnlyForDeploymentPostprocessing = 0;
		};
/* End PBXResourcesBuildPhase section */

/* Begin PBXSourcesBuildPhase section */
		F933B58E2229DB0F00C1F4CF /* Sources */ = {
			isa = PBXSourcesBuildPhase;
			buildActionMask = 2147483647;
			files = (
				F9E2D658222C44150078E652 /* Extensions.swift in Sources */,
				F9DAFFE8222C6C8E0076C198 /* ContactsViewController.swift in Sources */,
				F9E2D663222C5F590078E652 /* TimelineTableViewController.swift in Sources */,
				F9DAFFE6222C6C770076C198 /* ContactsTableViewCell.swift in Sources */,
				F933B5982229DB0F00C1F4CF /* ViewController.swift in Sources */,
				F9E2D65C222C48630078E652 /* ProfileViewController.swift in Sources */,
				F9DAFFE4222C6C390076C198 /* ChatsTableViewCell.swift in Sources */,
				F9E2D65E222C48FF0078E652 /* ProfileTableViewCell.swift in Sources */,
				F9E2D661222C553D0078E652 /* TimelineViewControllerCell.swift in Sources */,
				F9DAFFE1222C6BB80076C198 /* ChatsViewController.swift in Sources */,
				F9DAFFEA222C707A0076C198 /* ChatViewController.swift in Sources */,
				F933B5962229DB0F00C1F4CF /* AppDelegate.swift in Sources */,
			);
			runOnlyForDeploymentPostprocessing = 0;
		};
/* End PBXSourcesBuildPhase section */

/* Begin PBXVariantGroup section */
		F933B5992229DB0F00C1F4CF /* Main.storyboard */ = {
			isa = PBXVariantGroup;
			children = (
				F933B59A2229DB0F00C1F4CF /* Base */,
			);
			name = Main.storyboard;
			sourceTree = "<group>";
		};
		F933B59E2229DB1000C1F4CF /* LaunchScreen.storyboard */ = {
			isa = PBXVariantGroup;
			children = (
				F933B59F2229DB1000C1F4CF /* Base */,
			);
			name = LaunchScreen.storyboard;
			sourceTree = "<group>";
		};
/* End PBXVariantGroup section */

/* Begin XCBuildConfiguration section */
		F933B5A22229DB1000C1F4CF /* Debug */ = {
			isa = XCBuildConfiguration;
			buildSettings = {
				ALWAYS_SEARCH_USER_PATHS = NO;
				CLANG_ANALYZER_NONNULL = YES;
				CLANG_ANALYZER_NUMBER_OBJECT_CONVERSION = YES_AGGRESSIVE;
				CLANG_CXX_LANGUAGE_STANDARD = "gnu++14";
				CLANG_CXX_LIBRARY = "libc++";
				CLANG_ENABLE_MODULES = YES;
				CLANG_ENABLE_OBJC_ARC = YES;
				CLANG_ENABLE_OBJC_WEAK = YES;
				CLANG_WARN_BLOCK_CAPTURE_AUTORELEASING = YES;
				CLANG_WARN_BOOL_CONVERSION = YES;
				CLANG_WARN_COMMA = YES;
				CLANG_WARN_CONSTANT_CONVERSION = YES;
				CLANG_WARN_DEPRECATED_OBJC_IMPLEMENTATIONS = YES;
				CLANG_WARN_DIRECT_OBJC_ISA_USAGE = YES_ERROR;
				CLANG_WARN_DOCUMENTATION_COMMENTS = YES;
				CLANG_WARN_EMPTY_BODY = YES;
				CLANG_WARN_ENUM_CONVERSION = YES;
				CLANG_WARN_INFINITE_RECURSION = YES;
				CLANG_WARN_INT_CONVERSION = YES;
				CLANG_WARN_NON_LITERAL_NULL_CONVERSION = YES;
				CLANG_WARN_OBJC_IMPLICIT_RETAIN_SELF = YES;
				CLANG_WARN_OBJC_LITERAL_CONVERSION = YES;
				CLANG_WARN_OBJC_ROOT_CLASS = YES_ERROR;
				CLANG_WARN_RANGE_LOOP_ANALYSIS = YES;
				CLANG_WARN_STRICT_PROTOTYPES = YES;
				CLANG_WARN_SUSPICIOUS_MOVE = YES;
				CLANG_WARN_UNGUARDED_AVAILABILITY = YES_AGGRESSIVE;
				CLANG_WARN_UNREACHABLE_CODE = YES;
				CLANG_WARN__DUPLICATE_METHOD_MATCH = YES;
				CODE_SIGN_IDENTITY = "iPhone Developer";
				COPY_PHASE_STRIP = NO;
				DEBUG_INFORMATION_FORMAT = dwarf;
				ENABLE_STRICT_OBJC_MSGSEND = YES;
				ENABLE_TESTABILITY = YES;
				GCC_C_LANGUAGE_STANDARD = gnu11;
				GCC_DYNAMIC_NO_PIC = NO;
				GCC_NO_COMMON_BLOCKS = YES;
				GCC_OPTIMIZATION_LEVEL = 0;
				GCC_PREPROCESSOR_DEFINITIONS = (
					"DEBUG=1",
					"$(inherited)",
				);
				GCC_WARN_64_TO_32_BIT_CONVERSION = YES;
				GCC_WARN_ABOUT_RETURN_TYPE = YES_ERROR;
				GCC_WARN_UNDECLARED_SELECTOR = YES;
				GCC_WARN_UNINITIALIZED_AUTOS = YES_AGGRESSIVE;
				GCC_WARN_UNUSED_FUNCTION = YES;
				GCC_WARN_UNUSED_VARIABLE = YES;
				IPHONEOS_DEPLOYMENT_TARGET = 10.1;
				MTL_ENABLE_DEBUG_INFO = INCLUDE_SOURCE;
				MTL_FAST_MATH = YES;
				ONLY_ACTIVE_ARCH = YES;
				SDKROOT = iphoneos;
				SWIFT_ACTIVE_COMPILATION_CONDITIONS = DEBUG;
				SWIFT_OPTIMIZATION_LEVEL = "-Onone";
			};
			name = Debug;
		};
		F933B5A32229DB1000C1F4CF /* Release */ = {
			isa = XCBuildConfiguration;
			buildSettings = {
				ALWAYS_SEARCH_USER_PATHS = NO;
				CLANG_ANALYZER_NONNULL = YES;
				CLANG_ANALYZER_NUMBER_OBJECT_CONVERSION = YES_AGGRESSIVE;
				CLANG_CXX_LANGUAGE_STANDARD = "gnu++14";
				CLANG_CXX_LIBRARY = "libc++";
				CLANG_ENABLE_MODULES = YES;
				CLANG_ENABLE_OBJC_ARC = YES;
				CLANG_ENABLE_OBJC_WEAK = YES;
				CLANG_WARN_BLOCK_CAPTURE_AUTORELEASING = YES;
				CLANG_WARN_BOOL_CONVERSION = YES;
				CLANG_WARN_COMMA = YES;
				CLANG_WARN_CONSTANT_CONVERSION = YES;
				CLANG_WARN_DEPRECATED_OBJC_IMPLEMENTATIONS = YES;
				CLANG_WARN_DIRECT_OBJC_ISA_USAGE = YES_ERROR;
				CLANG_WARN_DOCUMENTATION_COMMENTS = YES;
				CLANG_WARN_EMPTY_BODY = YES;
				CLANG_WARN_ENUM_CONVERSION = YES;
				CLANG_WARN_INFINITE_RECURSION = YES;
				CLANG_WARN_INT_CONVERSION = YES;
				CLANG_WARN_NON_LITERAL_NULL_CONVERSION = YES;
				CLANG_WARN_OBJC_IMPLICIT_RETAIN_SELF = YES;
				CLANG_WARN_OBJC_LITERAL_CONVERSION = YES;
				CLANG_WARN_OBJC_ROOT_CLASS = YES_ERROR;
				CLANG_WARN_RANGE_LOOP_ANALYSIS = YES;
				CLANG_WARN_STRICT_PROTOTYPES = YES;
				CLANG_WARN_SUSPICIOUS_MOVE = YES;
				CLANG_WARN_UNGUARDED_AVAILABILITY = YES_AGGRESSIVE;
				CLANG_WARN_UNREACHABLE_CODE = YES;
				CLANG_WARN__DUPLICATE_METHOD_MATCH = YES;
				CODE_SIGN_IDENTITY = "iPhone Developer";
				COPY_PHASE_STRIP = NO;
				DEBUG_INFORMATION_FORMAT = "dwarf-with-dsym";
				ENABLE_NS_ASSERTIONS = NO;
				ENABLE_STRICT_OBJC_MSGSEND = YES;
				GCC_C_LANGUAGE_STANDARD = gnu11;
				GCC_NO_COMMON_BLOCKS = YES;
				GCC_WARN_64_TO_32_BIT_CONVERSION = YES;
				GCC_WARN_ABOUT_RETURN_TYPE = YES_ERROR;
				GCC_WARN_UNDECLARED_SELECTOR = YES;
				GCC_WARN_UNINITIALIZED_AUTOS = YES_AGGRESSIVE;
				GCC_WARN_UNUSED_FUNCTION = YES;
				GCC_WARN_UNUSED_VARIABLE = YES;
				IPHONEOS_DEPLOYMENT_TARGET = 10.1;
				MTL_ENABLE_DEBUG_INFO = NO;
				MTL_FAST_MATH = YES;
				SDKROOT = iphoneos;
				SWIFT_COMPILATION_MODE = wholemodule;
				SWIFT_OPTIMIZATION_LEVEL = "-O";
				VALIDATE_PRODUCT = YES;
			};
			name = Release;
		};
		F933B5A52229DB1000C1F4CF /* Debug */ = {
			isa = XCBuildConfiguration;
			buildSettings = {
				ASSETCATALOG_COMPILER_APPICON_NAME = AppIcon;
				CODE_SIGN_STYLE = Automatic;
				DEVELOPMENT_TEAM = D72DRUW999;
				INFOPLIST_FILE = "Yalla Chat/Info.plist";
				LD_RUNPATH_SEARCH_PATHS = (
					"$(inherited)",
					"@executable_path/Frameworks",
				);
				PRODUCT_BUNDLE_IDENTIFIER = "allam.io.Yalla-Chat";
				PRODUCT_NAME = "$(TARGET_NAME)";
				SWIFT_VERSION = 4.2;
				TARGETED_DEVICE_FAMILY = "1,2";
			};
			name = Debug;
		};
		F933B5A62229DB1000C1F4CF /* Release */ = {
			isa = XCBuildConfiguration;
			buildSettings = {
				ASSETCATALOG_COMPILER_APPICON_NAME = AppIcon;
				CODE_SIGN_STYLE = Automatic;
				DEVELOPMENT_TEAM = D72DRUW999;
				INFOPLIST_FILE = "Yalla Chat/Info.plist";
				LD_RUNPATH_SEARCH_PATHS = (
					"$(inherited)",
					"@executable_path/Frameworks",
				);
				PRODUCT_BUNDLE_IDENTIFIER = "allam.io.Yalla-Chat";
				PRODUCT_NAME = "$(TARGET_NAME)";
				SWIFT_VERSION = 4.2;
				TARGETED_DEVICE_FAMILY = "1,2";
			};
			name = Release;
		};
/* End XCBuildConfiguration section */

/* Begin XCConfigurationList section */
		F933B58D2229DB0F00C1F4CF /* Build configuration list for PBXProject "Yalla Chat" */ = {
			isa = XCConfigurationList;
			buildConfigurations = (
				F933B5A22229DB1000C1F4CF /* Debug */,
				F933B5A32229DB1000C1F4CF /* Release */,
			);
			defaultConfigurationIsVisible = 0;
			defaultConfigurationName = Release;
		};
		F933B5A42229DB1000C1F4CF /* Build configuration list for PBXNativeTarget "Yalla Chat" */ = {
			isa = XCConfigurationList;
			buildConfigurations = (
				F933B5A52229DB1000C1F4CF /* Debug */,
				F933B5A62229DB1000C1F4CF /* Release */,
			);
			defaultConfigurationIsVisible = 0;
			defaultConfigurationName = Release;
		};
/* End XCConfigurationList section */
	};
	rootObject = F933B58A2229DB0F00C1F4CF /* Project object */;
}
